
Microsoft Visual Studio Solution File, Format Version 12.00
# Visual Studio Version 16
VisualStudioVersion = 16.0.29201.188
MinimumVisualStudioVersion = 10.0.40219.1
Project("{FAE04EC0-301F-11D3-BF4B-00C04F79EFBC}") = "MatirxChainMultiplication", "MatirxChainMultiplication\MatirxChainMultiplication.csproj", "{3FEEDA19-F611-4533-BFCE-106DEF794407}"
EndProject
Global
	GlobalSection(SolutionConfigurationPlatforms) = preSolution
		Debug|Any CPU = Debug|Any CPU
		Release|Any CPU = Release|Any CPU
	EndGlobalSection
	GlobalSection(ProjectConfigurationPlatforms) = postSolution
		{3FEEDA19-F611-4533-BFCE-106DEF794407}.Debug|Any CPU.ActiveCfg = Debug|Any CPU
		{3FEEDA19-F611-4533-BFCE-106DEF794407}.Debug|Any CPU.Build.0 = Debug|Any CPU
		{3FEEDA19-F611-4533-BFCE-106DEF794407}.Release|Any CPU.ActiveCfg = Release|Any CPU
		{3FEEDA19-F611-4533-BFCE-106DEF794407}.Release|Any CPU.Build.0 = Release|Any CPU
	EndGlobalSection
	GlobalSection(SolutionProperties) = preSolution
		HideSolutionNode = FALSE
	EndGlobalSection
	GlobalSection(ExtensibilityGlobals) = postSolution
		SolutionGuid = {EF177792-83AA-4FE3-9522-7DA57533A806}
	EndGlobalSection
EndGlobal
